
Microsoft Visual Studio Solution File, Format Version 12.00
# Visual Studio 15
VisualStudioVersion = 15.0.28010.2041
MinimumVisualStudioVersion = 10.0.40219.1
Project("{9A19103F-16F7-4668-BE54-9A1E7A4F7556}") = "PlayingWithEnumsLib", "PlayingWithEnumsLib\PlayingWithEnumsLib.csproj", "{87CDF597-5B57-466F-A534-1C94F8D5368E}"
EndProject
Project("{FAE04EC0-301F-11D3-BF4B-00C04F79EFBC}") = "EnumTests", "EnumTests\EnumTests.csproj", "{CEA798F0-4E54-4A3B-AA57-B748E545373B}"
EndProject
Global
	GlobalSection(SolutionConfigurationPlatforms) = preSolution
		Debug|Any CPU = Debug|Any CPU
		Release|Any CPU = Release|Any CPU
	EndGlobalSection
	GlobalSection(ProjectConfigurationPlatforms) = postSolution
		{87CDF597-5B57-466F-A534-1C94F8D5368E}.Debug|Any CPU.ActiveCfg = Debug|Any CPU
		{87CDF597-5B57-466F-A534-1C94F8D5368E}.Debug|Any CPU.Build.0 = Debug|Any CPU
		{87CDF597-5B57-466F-A534-1C94F8D5368E}.Release|Any CPU.ActiveCfg = Release|Any CPU
		{87CDF597-5B57-466F-A534-1C94F8D5368E}.Release|Any CPU.Build.0 = Release|Any CPU
		{CEA798F0-4E54-4A3B-AA57-B748E545373B}.Debug|Any CPU.ActiveCfg = Debug|Any CPU
		{CEA798F0-4E54-4A3B-AA57-B748E545373B}.Debug|Any CPU.Build.0 = Debug|Any CPU
		{CEA798F0-4E54-4A3B-AA57-B748E545373B}.Release|Any CPU.ActiveCfg = Release|Any CPU
		{CEA798F0-4E54-4A3B-AA57-B748E545373B}.Release|Any CPU.Build.0 = Release|Any CPU
	EndGlobalSection
	GlobalSection(SolutionProperties) = preSolution
		HideSolutionNode = FALSE
	EndGlobalSection
	GlobalSection(ExtensibilityGlobals) = postSolution
		SolutionGuid = {04FC30FC-6DD3-4137-A1E2-6E7B322121DE}
	EndGlobalSection
EndGlobal
